// !$*UTF8*$!
{
	archiveVersion = 1;
	classes = {
	};
	objectVersion = 56;
	objects = {

/* Begin PBXBuildFile section */
		01BF7BA8C0F4005A45B22C6E /* NetworkExtension.framework in Frameworks */ = {isa = PBXBuildFile; fileRef = B10040 /* NetworkExtension.framework */; };
		1192B4E07CB73CE52B73397A /* NetworkExtension.framework in Frameworks */ = {isa = PBXBuildFile; fileRef = B10040 /* NetworkExtension.framework */; };
		1523F68758DA2845A73E68DE /* MihomoCore.xcframework in Frameworks */ = {isa = PBXBuildFile; fileRef = B10030 /* MihomoCore.xcframework */; };
		1C46310C4BA03116BAE1CF24 /* ConfigManager.swift in Sources */ = {isa = PBXBuildFile; fileRef = B10008 /* ConfigManager.swift */; };
		229817DC4FF5F4C1B505EA5B /* FirebaseCore in Frameworks */ = {isa = PBXBuildFile; productRef = 1C7E7C8B9AB9C840397D6E5B /* FirebaseCore */; };
		285CADD9EA77AC7AFB8A182A /* FirebaseCrashlytics in Frameworks */ = {isa = PBXBuildFile; productRef = 2C3845EF76797DFD11D5207E /* FirebaseCrashlytics */; };
		45FA5D0C3EA6EE814F43E891 /* HomeView.swift in Sources */ = {isa = PBXBuildFile; fileRef = B10002 /* HomeView.swift */; };
		489D78A7BFE5597B42E4C447 /* TrafficView.swift in Sources */ = {isa = PBXBuildFile; fileRef = B10003 /* TrafficView.swift */; };
		599CCDA2D5B238AF73EDF62D /* Yams in Frameworks */ = {isa = PBXBuildFile; productRef = 26E740A797906E5C84A95212 /* Yams */; };
		5F1DE7E22A0EE243182E400A /* AboutView.swift in Sources */ = {isa = PBXBuildFile; fileRef = B10006 /* AboutView.swift */; };
		61BC365FA82815F443D0E346 /* YAMLEditor.swift in Sources */ = {isa = PBXBuildFile; fileRef = B10051 /* YAMLEditor.swift */; };
		6A3F8B2C7D1E4A059C82E0F1 /* YAMLHighlighter.swift in Sources */ = {isa = PBXBuildFile; fileRef = B10053 /* YAMLHighlighter.swift */; };
		7A21C63533E42559B2CDF4E6 /* ConfigEditorView.swift in Sources */ = {isa = PBXBuildFile; fileRef = B10004 /* ConfigEditorView.swift */; };
		7B33D74A29F15E68C1A0B5D2 /* ConfigSubViews.swift in Sources */ = {isa = PBXBuildFile; fileRef = B10052 /* ConfigSubViews.swift */; };
		7D0DED107502CFFD6FA1D952 /* SettingsView.swift in Sources */ = {isa = PBXBuildFile; fileRef = B10050 /* SettingsView.swift */; };
		7E01617C460A452BA5EDB108 /* Yams in Frameworks */ = {isa = PBXBuildFile; productRef = BDB2BE65B199185132229163 /* Yams */; };
		8263DE84A3B841EF63A2FF89 /* ConfigManager.swift in Sources */ = {isa = PBXBuildFile; fileRef = B10008 /* ConfigManager.swift */; };
		8D9BF44D7D340ADB5C09AEF9 /* VPNManager.swift in Sources */ = {isa = PBXBuildFile; fileRef = B10009 /* VPNManager.swift */; };
		9161E23D345558ED5649452F /* Assets.xcassets in Resources */ = {isa = PBXBuildFile; fileRef = B10010 /* Assets.xcassets */; };
		9C1CFB15DEC224B8210EA2E9 /* Constants.swift in Sources */ = {isa = PBXBuildFile; fileRef = B10007 /* Constants.swift */; };
		9EAAFF911784E9AE012953A3 /* TransparentProxyProvider.swift in Sources */ = {isa = PBXBuildFile; fileRef = B10020 /* TransparentProxyProvider.swift */; };
		A11E11AF2CAB6611B7442CD4 /* Cocoa.framework in Frameworks */ = {isa = PBXBuildFile; fileRef = 4E02415D2E45FB235C0EF142 /* Cocoa.framework */; };
		A1B2C3D4E5F60718293A4B5C /* PerAppProxySettings.swift in Sources */ = {isa = PBXBuildFile; fileRef = B10095 /* PerAppProxySettings.swift */; };
		A1B2C3D4E5F60718293A4B5D /* PerAppProxySettings.swift in Sources */ = {isa = PBXBuildFile; fileRef = B10095 /* PerAppProxySettings.swift */; };
		A1B2C3D4E5F60718293A4B5E /* PerAppProxySection.swift in Sources */ = {isa = PBXBuildFile; fileRef = B10096 /* PerAppProxySection.swift */; };
		A2B3C4D5E6F7A8B9C0D1E2F3 /* UDPNATRelay.swift in Sources */ = {isa = PBXBuildFile; fileRef = B10021 /* UDPNATRelay.swift */; };
		A9840B29BC5EC55F29F0BA38 /* TrafficStore.swift in Sources */ = {isa = PBXBuildFile; fileRef = B10060 /* TrafficStore.swift */; };
		B10063 /* MihomoAPI.swift in Sources */ = {isa = PBXBuildFile; fileRef = B10062 /* MihomoAPI.swift */; };
		B10065 /* RulesView.swift in Sources */ = {isa = PBXBuildFile; fileRef = B10064 /* RulesView.swift */; };
		B10067 /* ConnectionsView.swift in Sources */ = {isa = PBXBuildFile; fileRef = B10066 /* ConnectionsView.swift */; };
		B10069 /* DiagnosticsView.swift in Sources */ = {isa = PBXBuildFile; fileRef = B10068 /* DiagnosticsView.swift */; };
		AC0B915E8C1239813ABF4AB7 /* TunnelLogView.swift in Sources */ = {isa = PBXBuildFile; fileRef = B10035 /* TunnelLogView.swift */; };
		ADFBB07EC9AE7B14EE8CF08D /* VPNManager.swift in Sources */ = {isa = PBXBuildFile; fileRef = B10009 /* VPNManager.swift */; };
		B10056 /* ConfigListViews.swift in Sources */ = {isa = PBXBuildFile; fileRef = B10055 /* ConfigListViews.swift */; };
		B10201 /* SubscriptionModels.swift in Sources */ = {isa = PBXBuildFile; fileRef = B10200 /* SubscriptionModels.swift */; };
		B10203 /* NodeRow.swift in Sources */ = {isa = PBXBuildFile; fileRef = B10202 /* NodeRow.swift */; };
		B10205 /* MainContentView.swift in Sources */ = {isa = PBXBuildFile; fileRef = B10204 /* MainContentView.swift */; };
		B10207 /* SidebarView.swift in Sources */ = {isa = PBXBuildFile; fileRef = B10206 /* SidebarView.swift */; };
		B10209 /* VPNToolbarContent.swift in Sources */ = {isa = PBXBuildFile; fileRef = B10208 /* VPNToolbarContent.swift */; };
		B10400A /* SOCKS5Client.swift in Sources */ = {isa = PBXBuildFile; fileRef = B10400 /* SOCKS5Client.swift */; };
		B10400B /* SOCKS5Client.swift in Sources */ = {isa = PBXBuildFile; fileRef = B10400 /* SOCKS5Client.swift */; };
		C3DAB7AB1483CF34E41BAAFB /* AppLogger.swift in Sources */ = {isa = PBXBuildFile; fileRef = B10090 /* AppLogger.swift */; };
		C715B3A41E6034141A9329BE /* MihomoCore.xcframework in Frameworks */ = {isa = PBXBuildFile; fileRef = B10030 /* MihomoCore.xcframework */; };
		CEE9200E5015BA697A46FD4A /* TransparentProxy.systemextension in Embed System Extensions */ = {isa = PBXBuildFile; fileRef = 259DB0A8D1BC3A31D635256A /* TransparentProxy.systemextension */; settings = {ATTRIBUTES = (RemoveHeadersOnCopy, ); }; };
		D28CFAAD4562ECF087671BE7 /* Constants.swift in Sources */ = {isa = PBXBuildFile; fileRef = B10007 /* Constants.swift */; };
		DFE148A5A01ECFEC5A64770A /* FirebaseAnalytics in Frameworks */ = {isa = PBXBuildFile; productRef = BD949DF6CA3380988A939F26 /* FirebaseAnalytics */; };
		DFFA836A5DFCC6D3BFF95EB6 /* BaoLianDengApp.swift in Sources */ = {isa = PBXBuildFile; fileRef = B10001 /* BaoLianDengApp.swift */; };
		E4A1B2C3D5F6078E9A1B3C5D /* ConfigStyleHelpers.swift in Sources */ = {isa = PBXBuildFile; fileRef = B10054 /* ConfigStyleHelpers.swift */; };
		EBAC80D31A3CCD3F3C083FDA /* AppLogger.swift in Sources */ = {isa = PBXBuildFile; fileRef = B10090 /* AppLogger.swift */; };
		F0MAIN0001 /* main.swift in Sources */ = {isa = PBXBuildFile; fileRef = 881BF3538A657F9F7F3951E8 /* main.swift */; };
		F6951B7026A9ABC83EB7A583 /* Cocoa.framework in Frameworks */ = {isa = PBXBuildFile; fileRef = 4E02415D2E45FB235C0EF142 /* Cocoa.framework */; };
		FC746D91C3321AA06076776D /* GoogleService-Info.plist in Resources */ = {isa = PBXBuildFile; fileRef = EEB4B615F35B5B3D01F6349F /* GoogleService-Info.plist */; };
		L10100 /* Localizable.xcstrings in Resources */ = {isa = PBXBuildFile; fileRef = B10100 /* Localizable.xcstrings */; };
		L10101 /* InfoPlist.xcstrings in Resources */ = {isa = PBXBuildFile; fileRef = B10101 /* InfoPlist.xcstrings */; };
		T10008 /* PerAppProxySettingsTests.swift in Sources */ = {isa = PBXBuildFile; fileRef = T10007 /* PerAppProxySettingsTests.swift */; };
		T10022 /* BypassGroupDetectionTests.swift in Sources */ = {isa = PBXBuildFile; fileRef = T10021 /* BypassGroupDetectionTests.swift */; };
		T10031 /* ConfigParserTests.swift in Sources */ = {isa = PBXBuildFile; fileRef = T10030 /* ConfigParserTests.swift */; };
		T10033 /* MihomoCoreIntegrationTests.swift in Sources */ = {isa = PBXBuildFile; fileRef = T10032 /* MihomoCoreIntegrationTests.swift */; };
		T10035 /* MihomoAPITests.swift in Sources */ = {isa = PBXBuildFile; fileRef = T10034 /* MihomoAPITests.swift */; };
		T10041 /* ProxyEngineIntegrationTests.swift in Sources */ = {isa = PBXBuildFile; fileRef = T10040 /* ProxyEngineIntegrationTests.swift */; };
		T10045 /* TestConfigs.swift in Sources */ = {isa = PBXBuildFile; fileRef = T10044 /* TestConfigs.swift */; };
		T10047 /* ProxyEngineHelper.swift in Sources */ = {isa = PBXBuildFile; fileRef = T10046 /* ProxyEngineHelper.swift */; };
		GEO002 /* geoip.metadb in Resources */ = {isa = PBXBuildFile; fileRef = GEO001 /* geoip.metadb */; };
		GEO004 /* geosite.dat in Resources */ = {isa = PBXBuildFile; fileRef = GEO003 /* geosite.dat */; };
/* End PBXBuildFile section */

/* Begin PBXContainerItemProxy section */
		1536C2A90777E05354ED602F /* PBXContainerItemProxy */ = {
			isa = PBXContainerItemProxy;
			containerPortal = E10001 /* Project object */;
			proxyType = 1;
			remoteGlobalIDString = 037A5AF56A256698DCED8763;
			remoteInfo = TransparentProxy;
		};
		T10011 /* PBXContainerItemProxy */ = {
			isa = PBXContainerItemProxy;
			containerPortal = E10001 /* Project object */;
			proxyType = 1;
			remoteGlobalIDString = F66874266FF58B2DD8903C6E;
			remoteInfo = BaoLianDeng;
		};
/* End PBXContainerItemProxy section */

/* Begin PBXCopyFilesBuildPhase section */
		9CEE85C0AA6DABF4506C9D63 /* Embed System Extensions */ = {
			isa = PBXCopyFilesBuildPhase;
			buildActionMask = 2147483647;
			dstPath = "$(SYSTEM_EXTENSIONS_FOLDER_PATH)";
			dstSubfolderSpec = 16;
			files = (
				CEE9200E5015BA697A46FD4A /* TransparentProxy.systemextension in Embed System Extensions */,
			);
			name = "Embed System Extensions";
			runOnlyForDeploymentPostprocessing = 0;
		};
/* End PBXCopyFilesBuildPhase section */

/* Begin PBXFileReference section */
		259DB0A8D1BC3A31D635256A /* TransparentProxy.systemextension */ = {isa = PBXFileReference; explicitFileType = "wrapper.system-extension"; includeInIndex = 0; name = TransparentProxy.systemextension; path = TransparentProxy.systemextension; sourceTree = BUILT_PRODUCTS_DIR; };
		4E02415D2E45FB235C0EF142 /* Cocoa.framework */ = {isa = PBXFileReference; lastKnownFileType = wrapper.framework; name = Cocoa.framework; path = Platforms/MacOSX.platform/Developer/SDKs/MacOSX15.0.sdk/System/Library/Frameworks/Cocoa.framework; sourceTree = DEVELOPER_DIR; };
		720E19EEF39E6C95A95649DA /* TransparentProxyMac.entitlements */ = {isa = PBXFileReference; includeInIndex = 1; lastKnownFileType = text.plist.entitlements; path = TransparentProxyMac.entitlements; sourceTree = "<group>"; };
		809DB4CA51000087EE0949AF /* Info.plist */ = {isa = PBXFileReference; includeInIndex = 1; lastKnownFileType = text.plist.xml; path = Info.plist; sourceTree = "<group>"; };
		881BF3538A657F9F7F3951E8 /* main.swift */ = {isa = PBXFileReference; includeInIndex = 1; lastKnownFileType = sourcecode.swift; name = main.swift; path = TransparentProxyMac/main.swift; sourceTree = "<group>"; };
		8A37D4B4A6176DB152B15D42 /* BaoLianDeng.app */ = {isa = PBXFileReference; explicitFileType = wrapper.application; includeInIndex = 0; path = BaoLianDeng.app; sourceTree = BUILT_PRODUCTS_DIR; };
		9677D8DCB6006F09D5E716D6 /* SystemExtensions.framework */ = {isa = PBXFileReference; lastKnownFileType = wrapper.framework; name = SystemExtensions.framework; path = System/Library/Frameworks/SystemExtensions.framework; sourceTree = SDKROOT; };
		B10001 /* BaoLianDengApp.swift */ = {isa = PBXFileReference; lastKnownFileType = sourcecode.swift; path = BaoLianDengApp.swift; sourceTree = "<group>"; };
		B10002 /* HomeView.swift */ = {isa = PBXFileReference; lastKnownFileType = sourcecode.swift; path = HomeView.swift; sourceTree = "<group>"; };
		B10003 /* TrafficView.swift */ = {isa = PBXFileReference; lastKnownFileType = sourcecode.swift; path = TrafficView.swift; sourceTree = "<group>"; };
		B10004 /* ConfigEditorView.swift */ = {isa = PBXFileReference; lastKnownFileType = sourcecode.swift; path = ConfigEditorView.swift; sourceTree = "<group>"; };
		B10006 /* AboutView.swift */ = {isa = PBXFileReference; lastKnownFileType = sourcecode.swift; path = AboutView.swift; sourceTree = "<group>"; };
		B10007 /* Constants.swift */ = {isa = PBXFileReference; lastKnownFileType = sourcecode.swift; path = Constants.swift; sourceTree = "<group>"; };
		B10008 /* ConfigManager.swift */ = {isa = PBXFileReference; lastKnownFileType = sourcecode.swift; path = ConfigManager.swift; sourceTree = "<group>"; };
		B10009 /* VPNManager.swift */ = {isa = PBXFileReference; lastKnownFileType = sourcecode.swift; path = VPNManager.swift; sourceTree = "<group>"; };
		B10010 /* Assets.xcassets */ = {isa = PBXFileReference; lastKnownFileType = folder.assetcatalog; path = Assets.xcassets; sourceTree = "<group>"; };
		B10011 /* Info.plist */ = {isa = PBXFileReference; lastKnownFileType = text.plist.xml; path = Info.plist; sourceTree = "<group>"; };
		B10012 /* BaoLianDeng.entitlements */ = {isa = PBXFileReference; lastKnownFileType = text.plist.entitlements; path = BaoLianDeng.entitlements; sourceTree = "<group>"; };
		B10020 /* TransparentProxyProvider.swift */ = {isa = PBXFileReference; lastKnownFileType = sourcecode.swift; path = TransparentProxyProvider.swift; sourceTree = "<group>"; };
		B10021 /* UDPNATRelay.swift */ = {isa = PBXFileReference; lastKnownFileType = sourcecode.swift; path = UDPNATRelay.swift; sourceTree = "<group>"; };
		B10030 /* MihomoCore.xcframework */ = {isa = PBXFileReference; lastKnownFileType = wrapper.xcframework; path = MihomoCore.xcframework; sourceTree = "<group>"; };
		B10035 /* TunnelLogView.swift */ = {isa = PBXFileReference; lastKnownFileType = sourcecode.swift; path = TunnelLogView.swift; sourceTree = "<group>"; };
		B10040 /* NetworkExtension.framework */ = {isa = PBXFileReference; lastKnownFileType = wrapper.framework; name = NetworkExtension.framework; path = System/Library/Frameworks/NetworkExtension.framework; sourceTree = SDKROOT; };
		B10050 /* SettingsView.swift */ = {isa = PBXFileReference; lastKnownFileType = sourcecode.swift; path = SettingsView.swift; sourceTree = "<group>"; };
		B10051 /* YAMLEditor.swift */ = {isa = PBXFileReference; lastKnownFileType = sourcecode.swift; path = YAMLEditor.swift; sourceTree = "<group>"; };
		B10052 /* ConfigSubViews.swift */ = {isa = PBXFileReference; lastKnownFileType = sourcecode.swift; path = ConfigSubViews.swift; sourceTree = "<group>"; };
		B10053 /* YAMLHighlighter.swift */ = {isa = PBXFileReference; lastKnownFileType = sourcecode.swift; path = YAMLHighlighter.swift; sourceTree = "<group>"; };
		B10054 /* ConfigStyleHelpers.swift */ = {isa = PBXFileReference; lastKnownFileType = sourcecode.swift; path = ConfigStyleHelpers.swift; sourceTree = "<group>"; };
		B10055 /* ConfigListViews.swift */ = {isa = PBXFileReference; lastKnownFileType = sourcecode.swift; path = ConfigListViews.swift; sourceTree = "<group>"; };
		B10060 /* TrafficStore.swift */ = {isa = PBXFileReference; lastKnownFileType = sourcecode.swift; path = TrafficStore.swift; sourceTree = "<group>"; };
		B10062 /* MihomoAPI.swift */ = {isa = PBXFileReference; lastKnownFileType = sourcecode.swift; path = MihomoAPI.swift; sourceTree = "<group>"; };
		B10064 /* RulesView.swift */ = {isa = PBXFileReference; lastKnownFileType = sourcecode.swift; path = RulesView.swift; sourceTree = "<group>"; };
		B10066 /* ConnectionsView.swift */ = {isa = PBXFileReference; lastKnownFileType = sourcecode.swift; path = ConnectionsView.swift; sourceTree = "<group>"; };
		B10068 /* DiagnosticsView.swift */ = {isa = PBXFileReference; lastKnownFileType = sourcecode.swift; path = DiagnosticsView.swift; sourceTree = "<group>"; };
		B10070 /* Local.xcconfig */ = {isa = PBXFileReference; lastKnownFileType = text.xcconfig; path = Local.xcconfig; sourceTree = "<group>"; };
		B10090 /* AppLogger.swift */ = {isa = PBXFileReference; lastKnownFileType = sourcecode.swift; path = AppLogger.swift; sourceTree = "<group>"; };
		B10095 /* PerAppProxySettings.swift */ = {isa = PBXFileReference; lastKnownFileType = sourcecode.swift; path = PerAppProxySettings.swift; sourceTree = "<group>"; };
		B10096 /* PerAppProxySection.swift */ = {isa = PBXFileReference; lastKnownFileType = sourcecode.swift; path = PerAppProxySection.swift; sourceTree = "<group>"; };
		B10100 /* Localizable.xcstrings */ = {isa = PBXFileReference; lastKnownFileType = text.json.xcstrings; path = Localizable.xcstrings; sourceTree = "<group>"; };
		B10101 /* InfoPlist.xcstrings */ = {isa = PBXFileReference; lastKnownFileType = text.json.xcstrings; path = InfoPlist.xcstrings; sourceTree = "<group>"; };
		B10200 /* SubscriptionModels.swift */ = {isa = PBXFileReference; lastKnownFileType = sourcecode.swift; path = SubscriptionModels.swift; sourceTree = "<group>"; };
		B10202 /* NodeRow.swift */ = {isa = PBXFileReference; lastKnownFileType = sourcecode.swift; path = NodeRow.swift; sourceTree = "<group>"; };
		B10204 /* MainContentView.swift */ = {isa = PBXFileReference; lastKnownFileType = sourcecode.swift; path = MainContentView.swift; sourceTree = "<group>"; };
		B10206 /* SidebarView.swift */ = {isa = PBXFileReference; lastKnownFileType = sourcecode.swift; path = SidebarView.swift; sourceTree = "<group>"; };
		B10208 /* VPNToolbarContent.swift */ = {isa = PBXFileReference; lastKnownFileType = sourcecode.swift; path = VPNToolbarContent.swift; sourceTree = "<group>"; };
		B10400 /* SOCKS5Client.swift */ = {isa = PBXFileReference; lastKnownFileType = sourcecode.swift; path = SOCKS5Client.swift; sourceTree = "<group>"; };
		EEB4B615F35B5B3D01F6349F /* GoogleService-Info.plist */ = {isa = PBXFileReference; includeInIndex = 1; lastKnownFileType = text.plist.xml; path = "GoogleService-Info.plist"; sourceTree = "<group>"; };
		T10007 /* PerAppProxySettingsTests.swift */ = {isa = PBXFileReference; lastKnownFileType = sourcecode.swift; path = PerAppProxySettingsTests.swift; sourceTree = "<group>"; };
		T10010 /* BaoLianDengTests.xctest */ = {isa = PBXFileReference; explicitFileType = wrapper.cfbundle; includeInIndex = 0; path = BaoLianDengTests.xctest; sourceTree = BUILT_PRODUCTS_DIR; };
		T10021 /* BypassGroupDetectionTests.swift */ = {isa = PBXFileReference; lastKnownFileType = sourcecode.swift; path = BypassGroupDetectionTests.swift; sourceTree = "<group>"; };
		T10030 /* ConfigParserTests.swift */ = {isa = PBXFileReference; lastKnownFileType = sourcecode.swift; path = ConfigParserTests.swift; sourceTree = "<group>"; };
		T10032 /* MihomoCoreIntegrationTests.swift */ = {isa = PBXFileReference; lastKnownFileType = sourcecode.swift; path = MihomoCoreIntegrationTests.swift; sourceTree = "<group>"; };
		T10034 /* MihomoAPITests.swift */ = {isa = PBXFileReference; lastKnownFileType = sourcecode.swift; path = MihomoAPITests.swift; sourceTree = "<group>"; };
		T10040 /* ProxyEngineIntegrationTests.swift */ = {isa = PBXFileReference; lastKnownFileType = sourcecode.swift; path = ProxyEngineIntegrationTests.swift; sourceTree = "<group>"; };
		T10044 /* TestConfigs.swift */ = {isa = PBXFileReference; lastKnownFileType = sourcecode.swift; path = TestConfigs.swift; sourceTree = "<group>"; };
		T10046 /* ProxyEngineHelper.swift */ = {isa = PBXFileReference; lastKnownFileType = sourcecode.swift; path = ProxyEngineHelper.swift; sourceTree = "<group>"; };
		GEO001 /* geoip.metadb */ = {isa = PBXFileReference; lastKnownFileType = file; path = geoip.metadb; sourceTree = "<group>"; };
		GEO003 /* geosite.dat */ = {isa = PBXFileReference; lastKnownFileType = file; path = geosite.dat; sourceTree = "<group>"; };
/* End PBXFileReference section */

/* Begin PBXFrameworksBuildPhase section */
		39636CADF2B14F90572D122D /* Frameworks */ = {
			isa = PBXFrameworksBuildPhase;
			buildActionMask = 2147483647;
			files = (
				F6951B7026A9ABC83EB7A583 /* Cocoa.framework in Frameworks */,
				1192B4E07CB73CE52B73397A /* NetworkExtension.framework in Frameworks */,
				C715B3A41E6034141A9329BE /* MihomoCore.xcframework in Frameworks */,
				599CCDA2D5B238AF73EDF62D /* Yams in Frameworks */,
				229817DC4FF5F4C1B505EA5B /* FirebaseCore in Frameworks */,
				DFE148A5A01ECFEC5A64770A /* FirebaseAnalytics in Frameworks */,
				285CADD9EA77AC7AFB8A182A /* FirebaseCrashlytics in Frameworks */,
			);
			runOnlyForDeploymentPostprocessing = 0;
		};
		9DE882A8FCF34B2CAEEB6D1E /* Frameworks */ = {
			isa = PBXFrameworksBuildPhase;
			buildActionMask = 2147483647;
			files = (
				A11E11AF2CAB6611B7442CD4 /* Cocoa.framework in Frameworks */,
				01BF7BA8C0F4005A45B22C6E /* NetworkExtension.framework in Frameworks */,
				1523F68758DA2845A73E68DE /* MihomoCore.xcframework in Frameworks */,
				7E01617C460A452BA5EDB108 /* Yams in Frameworks */,
			);
			runOnlyForDeploymentPostprocessing = 0;
		};
		T10006 /* Frameworks */ = {
			isa = PBXFrameworksBuildPhase;
			buildActionMask = 2147483647;
			files = (
			);
			runOnlyForDeploymentPostprocessing = 0;
		};
/* End PBXFrameworksBuildPhase section */

/* Begin PBXGroup section */
		4A2B7C26C715749C1D881EAC /* OS X */ = {
			isa = PBXGroup;
			children = (
				4E02415D2E45FB235C0EF142 /* Cocoa.framework */,
			);
			name = "OS X";
			sourceTree = "<group>";
		};
		8187F3BB8FCEA36AC93E802C /* TransparentProxyMac */ = {
			isa = PBXGroup;
			children = (
				720E19EEF39E6C95A95649DA /* TransparentProxyMac.entitlements */,
				809DB4CA51000087EE0949AF /* Info.plist */,
				GEO001 /* geoip.metadb */,
				GEO003 /* geosite.dat */,
			);
			path = TransparentProxyMac;
			sourceTree = "<group>";
		};
		G10001 = {
			isa = PBXGroup;
			children = (
				B10070 /* Local.xcconfig */,
				G10002 /* BaoLianDeng */,
				T10009 /* BaoLianDengTests */,
				G10003 /* TransparentProxy */,
				G10004 /* Shared */,
				G10005 /* Framework */,
				G10006 /* Frameworks */,
				G10007 /* Products */,
				8187F3BB8FCEA36AC93E802C /* TransparentProxyMac */,
				881BF3538A657F9F7F3951E8 /* main.swift */,
			);
			sourceTree = "<group>";
		};
		G10002 /* BaoLianDeng */ = {
			isa = PBXGroup;
			children = (
				B10001 /* BaoLianDengApp.swift */,
				B10011 /* Info.plist */,
				B10012 /* BaoLianDeng.entitlements */,
				B10010 /* Assets.xcassets */,
				B10100 /* Localizable.xcstrings */,
				B10101 /* InfoPlist.xcstrings */,
				G10009 /* Models */,
				G10008 /* Views */,
				EEB4B615F35B5B3D01F6349F /* GoogleService-Info.plist */,
			);
			path = BaoLianDeng;
			sourceTree = "<group>";
		};
		G10003 /* TransparentProxy */ = {
			isa = PBXGroup;
			children = (
				B10020 /* TransparentProxyProvider.swift */,
				B10021 /* UDPNATRelay.swift */,
				B10400 /* SOCKS5Client.swift */,
			);
			path = TransparentProxy;
			sourceTree = "<group>";
		};
		G10004 /* Shared */ = {
			isa = PBXGroup;
			children = (
				B10090 /* AppLogger.swift */,
				B10007 /* Constants.swift */,
				B10008 /* ConfigManager.swift */,
				B10095 /* PerAppProxySettings.swift */,
				B10009 /* VPNManager.swift */,
			);
			path = Shared;
			sourceTree = "<group>";
		};
		G10005 /* Framework */ = {
			isa = PBXGroup;
			children = (
				B10030 /* MihomoCore.xcframework */,
			);
			path = Framework;
			sourceTree = "<group>";
		};
		G10006 /* Frameworks */ = {
			isa = PBXGroup;
			children = (
				B10040 /* NetworkExtension.framework */,
				4A2B7C26C715749C1D881EAC /* OS X */,
				9677D8DCB6006F09D5E716D6 /* SystemExtensions.framework */,
			);
			name = Frameworks;
			sourceTree = "<group>";
		};
		G10007 /* Products */ = {
			isa = PBXGroup;
			children = (
				259DB0A8D1BC3A31D635256A /* TransparentProxy.systemextension */,
				8A37D4B4A6176DB152B15D42 /* BaoLianDeng.app */,
				T10010 /* BaoLianDengTests.xctest */,
			);
			name = Products;
			sourceTree = "<group>";
		};
		G10008 /* Views */ = {
			isa = PBXGroup;
			children = (
				B10002 /* HomeView.swift */,
				B10003 /* TrafficView.swift */,
				B10004 /* ConfigEditorView.swift */,
				B10052 /* ConfigSubViews.swift */,
				B10006 /* AboutView.swift */,
				B10035 /* TunnelLogView.swift */,
				B10050 /* SettingsView.swift */,
				B10051 /* YAMLEditor.swift */,
				B10053 /* YAMLHighlighter.swift */,
				B10054 /* ConfigStyleHelpers.swift */,
				B10055 /* ConfigListViews.swift */,
				B10096 /* PerAppProxySection.swift */,
				B10200 /* SubscriptionModels.swift */,
				B10202 /* NodeRow.swift */,
				B10204 /* MainContentView.swift */,
				B10206 /* SidebarView.swift */,
				B10208 /* VPNToolbarContent.swift */,
				B10064 /* RulesView.swift */,
				B10066 /* ConnectionsView.swift */,
				B10068 /* DiagnosticsView.swift */,
			);
			path = Views;
			sourceTree = "<group>";
		};
		G10009 /* Models */ = {
			isa = PBXGroup;
			children = (
				B10062 /* MihomoAPI.swift */,
				B10060 /* TrafficStore.swift */,
			);
			path = Models;
			sourceTree = "<group>";
		};
		T10009 /* BaoLianDengTests */ = {
			isa = PBXGroup;
			children = (
				T10050 /* Utilities */,
				T10007 /* PerAppProxySettingsTests.swift */,
				T10021 /* BypassGroupDetectionTests.swift */,
				T10030 /* ConfigParserTests.swift */,
				T10032 /* MihomoCoreIntegrationTests.swift */,
				T10034 /* MihomoAPITests.swift */,
				T10040 /* ProxyEngineIntegrationTests.swift */,
			);
			path = BaoLianDengTests;
			sourceTree = "<group>";
		};
		T10050 /* Utilities */ = {
			isa = PBXGroup;
			children = (
				T10044 /* TestConfigs.swift */,
				T10046 /* ProxyEngineHelper.swift */,
			);
			path = Utilities;
			sourceTree = "<group>";
		};
/* End PBXGroup section */

/* Begin PBXNativeTarget section */
		037A5AF56A256698DCED8763 /* TransparentProxy */ = {
			isa = PBXNativeTarget;
			buildConfigurationList = 727002C1957CE115B06B49FF /* Build configuration list for PBXNativeTarget "TransparentProxy" */;
			buildPhases = (
				AC6927007E0505BD42D960D3 /* Sources */,
				9DE882A8FCF34B2CAEEB6D1E /* Frameworks */,
				9A21E40F72630AD727EE4EFB /* Resources */,
			);
			buildRules = (
			);
			dependencies = (
			);
			name = TransparentProxy;
			packageProductDependencies = (
				BDB2BE65B199185132229163 /* Yams */,
			);
			productName = TransparentProxy;
			productReference = 259DB0A8D1BC3A31D635256A /* TransparentProxy.systemextension */;
			productType = "com.apple.product-type.system-extension";
		};
		F66874266FF58B2DD8903C6E /* BaoLianDeng */ = {
			isa = PBXNativeTarget;
			buildConfigurationList = 3EC5C41D1A2FE093C1B264E2 /* Build configuration list for PBXNativeTarget "BaoLianDeng" */;
			buildPhases = (
				060D40C4E0CDCA287A6C09A8 /* Sources */,
				39636CADF2B14F90572D122D /* Frameworks */,
				85C1707622B3DE6CF260E736 /* Resources */,
				9CEE85C0AA6DABF4506C9D63 /* Embed System Extensions */,
			);
			buildRules = (
			);
			dependencies = (
				DA703E0CEAA502F686AA37BF /* PBXTargetDependency */,
			);
			name = BaoLianDeng;
			packageProductDependencies = (
				26E740A797906E5C84A95212 /* Yams */,
				1C7E7C8B9AB9C840397D6E5B /* FirebaseCore */,
				BD949DF6CA3380988A939F26 /* FirebaseAnalytics */,
				2C3845EF76797DFD11D5207E /* FirebaseCrashlytics */,
			);
			productName = BaoLianDeng;
			productReference = 8A37D4B4A6176DB152B15D42 /* BaoLianDeng.app */;
			productType = "com.apple.product-type.application";
		};
		T10001 /* BaoLianDengTests */ = {
			isa = PBXNativeTarget;
			buildConfigurationList = T10002 /* Build configuration list for PBXNativeTarget "BaoLianDengTests" */;
			buildPhases = (
				T10005 /* Sources */,
				T10006 /* Frameworks */,
			);
			buildRules = (
			);
			dependencies = (
				T10012 /* PBXTargetDependency */,
			);
			name = BaoLianDengTests;
			productName = BaoLianDengTests;
			productReference = T10010 /* BaoLianDengTests.xctest */;
			productType = "com.apple.product-type.bundle.unit-test";
		};
/* End PBXNativeTarget section */

/* Begin PBXProject section */
		E10001 /* Project object */ = {
			isa = PBXProject;
			attributes = {
				BuildIndependentTargetsInParallel = 1;
				LastSwiftUpdateCheck = 1540;
				LastUpgradeCheck = 1540;
			};
			buildConfigurationList = X10003 /* Build configuration list for PBXProject "BaoLianDeng" */;
			compatibilityVersion = "Xcode 14.0";
			developmentRegion = en;
			hasScannedForEncodings = 0;
			knownRegions = (
				en,
				Base,
				"zh-Hans",
			);
			mainGroup = G10001;
			packageReferences = (
				YMS0001 /* XCRemoteSwiftPackageReference "Yams" */,
				38A424D3E90991ED0F5F3862 /* XCRemoteSwiftPackageReference "firebase-ios-sdk" */,
			);
			productRefGroup = G10007 /* Products */;
			projectDirPath = "";
			projectRoot = "";
			targets = (
				F66874266FF58B2DD8903C6E /* BaoLianDeng */,
				037A5AF56A256698DCED8763 /* TransparentProxy */,
				T10001 /* BaoLianDengTests */,
			);
		};
/* End PBXProject section */

/* Begin PBXResourcesBuildPhase section */
		85C1707622B3DE6CF260E736 /* Resources */ = {
			isa = PBXResourcesBuildPhase;
			buildActionMask = 2147483647;
			files = (
				9161E23D345558ED5649452F /* Assets.xcassets in Resources */,
				L10100 /* Localizable.xcstrings in Resources */,
				L10101 /* InfoPlist.xcstrings in Resources */,
				FC746D91C3321AA06076776D /* GoogleService-Info.plist in Resources */,
			);
			runOnlyForDeploymentPostprocessing = 0;
		};
		9A21E40F72630AD727EE4EFB /* Resources */ = {
			isa = PBXResourcesBuildPhase;
			buildActionMask = 2147483647;
			files = (
				GEO002 /* geoip.metadb in Resources */,
				GEO004 /* geosite.dat in Resources */,
			);
			runOnlyForDeploymentPostprocessing = 0;
		};
/* End PBXResourcesBuildPhase section */

/* Begin PBXSourcesBuildPhase section */
		060D40C4E0CDCA287A6C09A8 /* Sources */ = {
			isa = PBXSourcesBuildPhase;
			buildActionMask = 2147483647;
			files = (
				DFFA836A5DFCC6D3BFF95EB6 /* BaoLianDengApp.swift in Sources */,
				45FA5D0C3EA6EE814F43E891 /* HomeView.swift in Sources */,
				489D78A7BFE5597B42E4C447 /* TrafficView.swift in Sources */,
				7A21C63533E42559B2CDF4E6 /* ConfigEditorView.swift in Sources */,
				7B33D74A29F15E68C1A0B5D2 /* ConfigSubViews.swift in Sources */,
				5F1DE7E22A0EE243182E400A /* AboutView.swift in Sources */,
				AC0B915E8C1239813ABF4AB7 /* TunnelLogView.swift in Sources */,
				7D0DED107502CFFD6FA1D952 /* SettingsView.swift in Sources */,
				61BC365FA82815F443D0E346 /* YAMLEditor.swift in Sources */,
				6A3F8B2C7D1E4A059C82E0F1 /* YAMLHighlighter.swift in Sources */,
				E4A1B2C3D5F6078E9A1B3C5D /* ConfigStyleHelpers.swift in Sources */,
				B10056 /* ConfigListViews.swift in Sources */,
				A9840B29BC5EC55F29F0BA38 /* TrafficStore.swift in Sources */,
				B10063 /* MihomoAPI.swift in Sources */,
				B10065 /* RulesView.swift in Sources */,
				B10067 /* ConnectionsView.swift in Sources */,
				B10069 /* DiagnosticsView.swift in Sources */,
				C3DAB7AB1483CF34E41BAAFB /* AppLogger.swift in Sources */,
				D28CFAAD4562ECF087671BE7 /* Constants.swift in Sources */,
				8263DE84A3B841EF63A2FF89 /* ConfigManager.swift in Sources */,
				8D9BF44D7D340ADB5C09AEF9 /* VPNManager.swift in Sources */,
				A1B2C3D4E5F60718293A4B5C /* PerAppProxySettings.swift in Sources */,
				A1B2C3D4E5F60718293A4B5E /* PerAppProxySection.swift in Sources */,
				B10400B /* SOCKS5Client.swift in Sources */,
				B10201 /* SubscriptionModels.swift in Sources */,
				B10203 /* NodeRow.swift in Sources */,
				B10205 /* MainContentView.swift in Sources */,
				B10207 /* SidebarView.swift in Sources */,
				B10209 /* VPNToolbarContent.swift in Sources */,
			);
			runOnlyForDeploymentPostprocessing = 0;
		};
		AC6927007E0505BD42D960D3 /* Sources */ = {
			isa = PBXSourcesBuildPhase;
			buildActionMask = 2147483647;
			files = (
				9EAAFF911784E9AE012953A3 /* TransparentProxyProvider.swift in Sources */,
				A2B3C4D5E6F7A8B9C0D1E2F3 /* UDPNATRelay.swift in Sources */,
				B10400A /* SOCKS5Client.swift in Sources */,
				F0MAIN0001 /* main.swift in Sources */,
				EBAC80D31A3CCD3F3C083FDA /* AppLogger.swift in Sources */,
				9C1CFB15DEC224B8210EA2E9 /* Constants.swift in Sources */,
				1C46310C4BA03116BAE1CF24 /* ConfigManager.swift in Sources */,
				ADFBB07EC9AE7B14EE8CF08D /* VPNManager.swift in Sources */,
				A1B2C3D4E5F60718293A4B5D /* PerAppProxySettings.swift in Sources */,
			);
			runOnlyForDeploymentPostprocessing = 0;
		};
		T10005 /* Sources */ = {
			isa = PBXSourcesBuildPhase;
			buildActionMask = 2147483647;
			files = (
				T10008 /* PerAppProxySettingsTests.swift in Sources */,
				T10022 /* BypassGroupDetectionTests.swift in Sources */,
				T10031 /* ConfigParserTests.swift in Sources */,
				T10033 /* MihomoCoreIntegrationTests.swift in Sources */,
				T10035 /* MihomoAPITests.swift in Sources */,
				T10041 /* ProxyEngineIntegrationTests.swift in Sources */,
				T10045 /* TestConfigs.swift in Sources */,
				T10047 /* ProxyEngineHelper.swift in Sources */,
			);
			runOnlyForDeploymentPostprocessing = 0;
		};
/* End PBXSourcesBuildPhase section */

/* Begin PBXTargetDependency section */
		DA703E0CEAA502F686AA37BF /* PBXTargetDependency */ = {
			isa = PBXTargetDependency;
			name = TransparentProxy;
			target = 037A5AF56A256698DCED8763 /* TransparentProxy */;
			targetProxy = 1536C2A90777E05354ED602F /* PBXContainerItemProxy */;
		};
		T10012 /* PBXTargetDependency */ = {
			isa = PBXTargetDependency;
			name = BaoLianDeng;
			target = F66874266FF58B2DD8903C6E /* BaoLianDeng */;
			targetProxy = T10011 /* PBXContainerItemProxy */;
		};
/* End PBXTargetDependency section */

/* Begin XCBuildConfiguration section */
		06AC95C84A776847DF0FBFDB /* Release */ = {
			isa = XCBuildConfiguration;
			baseConfigurationReference = B10070 /* Local.xcconfig */;
			buildSettings = {
				CODE_SIGN_ENTITLEMENTS = TransparentProxyMac/TransparentProxyMac.entitlements;
				CODE_SIGN_IDENTITY = "Developer ID Application";
				CODE_SIGN_INJECT_BASE_ENTITLEMENTS = NO;
				CODE_SIGN_STYLE = Manual;
				CURRENT_PROJECT_VERSION = 46;
				ENABLE_HARDENED_RUNTIME = YES;
				FRAMEWORK_SEARCH_PATHS = (
					"$(inherited)",
					"$(PROJECT_DIR)/Framework",
				);
				GENERATE_INFOPLIST_FILE = NO;
				INFOPLIST_FILE = TransparentProxyMac/Info.plist;
				LD_RUNPATH_SEARCH_PATHS = (
					"$(inherited)",
					"@executable_path/../Frameworks",
				);
				MACOSX_DEPLOYMENT_TARGET = 14.0;
				MARKETING_VERSION = 5.2;
				OTHER_LDFLAGS = (
					"-lresolv",
					"-ObjC",
				);
				PRODUCT_BUNDLE_IDENTIFIER = io.github.baoliandeng.macos.TransparentProxy;
				PRODUCT_NAME = io.github.baoliandeng.macos.TransparentProxy;
				PROVISIONING_PROFILE_SPECIFIER = io.github.baoliandeng.macos.TransparentProxy;
				SDKROOT = macosx;
				SWIFT_EMIT_LOC_STRINGS = YES;
				SWIFT_VERSION = 5.0;
				WRAPPER_EXTENSION = systemextension;
			};
			name = Release;
		};
		51D5A9072314B0B4FE0F84C8 /* Release */ = {
			isa = XCBuildConfiguration;
			baseConfigurationReference = B10070 /* Local.xcconfig */;
			buildSettings = {
				ASSETCATALOG_COMPILER_APPICON_NAME = AppIcon;
				ASSETCATALOG_COMPILER_GLOBAL_ACCENT_COLOR_NAME = AccentColor;
				CODE_SIGN_ENTITLEMENTS = BaoLianDeng/BaoLianDeng.entitlements;
				CODE_SIGN_IDENTITY = "Developer ID Application";
				CODE_SIGN_INJECT_BASE_ENTITLEMENTS = NO;
				CODE_SIGN_STYLE = Manual;
				COMBINE_HIDPI_IMAGES = YES;
				CURRENT_PROJECT_VERSION = 46;
				ENABLE_HARDENED_RUNTIME = YES;
				FRAMEWORK_SEARCH_PATHS = (
					"$(inherited)",
					"$(PROJECT_DIR)/Framework",
				);
				GENERATE_INFOPLIST_FILE = NO;
				INFOPLIST_FILE = BaoLianDeng/Info.plist;
				LD_RUNPATH_SEARCH_PATHS = (
					"$(inherited)",
					"@executable_path/../Frameworks",
				);
				MACOSX_DEPLOYMENT_TARGET = 14.0;
				MARKETING_VERSION = 5.2;
				OTHER_LDFLAGS = (
					"-lresolv",
					"-ObjC",
				);
				PRODUCT_BUNDLE_IDENTIFIER = io.github.baoliandeng.macos;
				PRODUCT_NAME = "$(TARGET_NAME)";
				PROVISIONING_PROFILE_SPECIFIER = "BaoLianDeng macOS Developer ID";
				SDKROOT = macosx;
				SWIFT_EMIT_LOC_STRINGS = YES;
				SWIFT_VERSION = 5.0;
			};
			name = Release;
		};
		D11C88732910D050C57C2AEE /* Debug */ = {
			isa = XCBuildConfiguration;
			baseConfigurationReference = B10070 /* Local.xcconfig */;
			buildSettings = {
				CODE_SIGN_ENTITLEMENTS = TransparentProxyMac/TransparentProxyMac.entitlements;
				CODE_SIGN_IDENTITY = "Developer ID Application";
				CODE_SIGN_INJECT_BASE_ENTITLEMENTS = NO;
				CODE_SIGN_STYLE = Manual;
				CURRENT_PROJECT_VERSION = 104;
				ENABLE_HARDENED_RUNTIME = YES;
				FRAMEWORK_SEARCH_PATHS = (
					"$(inherited)",
					"$(PROJECT_DIR)/Framework",
				);
				GENERATE_INFOPLIST_FILE = NO;
				INFOPLIST_FILE = TransparentProxyMac/Info.plist;
				LD_RUNPATH_SEARCH_PATHS = (
					"$(inherited)",
					"@executable_path/../Frameworks",
				);
				MACOSX_DEPLOYMENT_TARGET = 14.0;
				MARKETING_VERSION = 5.2;
				OTHER_LDFLAGS = (
					"-lresolv",
					"-ObjC",
				);
				PRODUCT_BUNDLE_IDENTIFIER = io.github.baoliandeng.macos.TransparentProxy;
				PRODUCT_NAME = io.github.baoliandeng.macos.TransparentProxy;
				PROVISIONING_PROFILE_SPECIFIER = io.github.baoliandeng.macos.TransparentProxy;
				SDKROOT = macosx;
				SWIFT_EMIT_LOC_STRINGS = YES;
				SWIFT_VERSION = 5.0;
				WRAPPER_EXTENSION = systemextension;
			};
			name = Debug;
		};
		E9D48DA79572E3916C0F3AEF /* Debug */ = {
			isa = XCBuildConfiguration;
			baseConfigurationReference = B10070 /* Local.xcconfig */;
			buildSettings = {
				ASSETCATALOG_COMPILER_APPICON_NAME = AppIcon;
				ASSETCATALOG_COMPILER_GLOBAL_ACCENT_COLOR_NAME = AccentColor;
				CODE_SIGN_ENTITLEMENTS = BaoLianDeng/BaoLianDeng.entitlements;
				CODE_SIGN_IDENTITY = "Developer ID Application";
				CODE_SIGN_INJECT_BASE_ENTITLEMENTS = NO;
				CODE_SIGN_STYLE = Manual;
				COMBINE_HIDPI_IMAGES = YES;
				CURRENT_PROJECT_VERSION = 104;
				ENABLE_HARDENED_RUNTIME = YES;
				FRAMEWORK_SEARCH_PATHS = (
					"$(inherited)",
					"$(PROJECT_DIR)/Framework",
				);
				GENERATE_INFOPLIST_FILE = NO;
				INFOPLIST_FILE = BaoLianDeng/Info.plist;
				LD_RUNPATH_SEARCH_PATHS = (
					"$(inherited)",
					"@executable_path/../Frameworks",
				);
				MACOSX_DEPLOYMENT_TARGET = 14.0;
				MARKETING_VERSION = 5.2;
				OTHER_LDFLAGS = (
					"-lresolv",
					"-ObjC",
				);
				PRODUCT_BUNDLE_IDENTIFIER = io.github.baoliandeng.macos;
				PRODUCT_NAME = "$(TARGET_NAME)";
				PROVISIONING_PROFILE_SPECIFIER = "BaoLianDeng macOS Developer ID";
				SDKROOT = macosx;
				SWIFT_EMIT_LOC_STRINGS = YES;
				SWIFT_VERSION = 5.0;
			};
			name = Debug;
		};
		T10003 /* Debug */ = {
			isa = XCBuildConfiguration;
			buildSettings = {
				BUNDLE_LOADER = "$(TEST_HOST)";
				CODE_SIGN_IDENTITY = "-";
				CODE_SIGN_STYLE = Automatic;
				GENERATE_INFOPLIST_FILE = YES;
				MACOSX_DEPLOYMENT_TARGET = 14.0;
				PRODUCT_BUNDLE_IDENTIFIER = io.github.baoliandeng.macos.tests;
				PRODUCT_NAME = "$(TARGET_NAME)";
				SDKROOT = macosx;
				SWIFT_EMIT_LOC_STRINGS = NO;
				SWIFT_VERSION = 5.0;
				TEST_HOST = "$(BUILT_PRODUCTS_DIR)/BaoLianDeng.app/Contents/MacOS/BaoLianDeng";
			};
			name = Debug;
		};
		T10004 /* Release */ = {
			isa = XCBuildConfiguration;
			buildSettings = {
				BUNDLE_LOADER = "$(TEST_HOST)";
				CODE_SIGN_IDENTITY = "-";
				CODE_SIGN_STYLE = Automatic;
				GENERATE_INFOPLIST_FILE = YES;
				MACOSX_DEPLOYMENT_TARGET = 14.0;
				PRODUCT_BUNDLE_IDENTIFIER = io.github.baoliandeng.macos.tests;
				PRODUCT_NAME = "$(TARGET_NAME)";
				SDKROOT = macosx;
				SWIFT_EMIT_LOC_STRINGS = NO;
				SWIFT_VERSION = 5.0;
				TEST_HOST = "$(BUILT_PRODUCTS_DIR)/BaoLianDeng.app/Contents/MacOS/BaoLianDeng";
			};
			name = Release;
		};
		Y10001 /* Debug */ = {
			isa = XCBuildConfiguration;
			baseConfigurationReference = B10070 /* Local.xcconfig */;
			buildSettings = {
				ALWAYS_SEARCH_USER_PATHS = NO;
				ASSETCATALOG_COMPILER_GENERATE_SWIFT_ASSET_SYMBOL_EXTENSIONS = YES;
				CLANG_ANALYZER_NONNULL = YES;
				CLANG_CXX_LANGUAGE_STANDARD = "gnu++20";
				CLANG_ENABLE_MODULES = YES;
				CLANG_ENABLE_OBJC_ARC = YES;
				COPY_PHASE_STRIP = NO;
				DEBUG_INFORMATION_FORMAT = dwarf;
				ENABLE_STRICT_OBJC_MSGSEND = YES;
				ENABLE_TESTABILITY = YES;
				GCC_DYNAMIC_NO_PIC = NO;
				GCC_OPTIMIZATION_LEVEL = 0;
				GCC_PREPROCESSOR_DEFINITIONS = (
					"DEBUG=1",
					"$(inherited)",
				);
				GCC_WARN_ABOUT_RETURN_TYPE = YES_ERROR;
				GCC_WARN_UNINITIALIZED_AUTOS = YES_AGGRESSIVE;
				MACOSX_DEPLOYMENT_TARGET = 14.0;
				MTL_ENABLE_DEBUG_INFO = INCLUDE_SOURCE;
				ONLY_ACTIVE_ARCH = YES;
				SDKROOT = macosx;
				SWIFT_ACTIVE_COMPILATION_CONDITIONS = "$(inherited) DEBUG";
				SWIFT_OPTIMIZATION_LEVEL = "-Onone";
			};
			name = Debug;
		};
		Y10002 /* Release */ = {
			isa = XCBuildConfiguration;
			baseConfigurationReference = B10070 /* Local.xcconfig */;
			buildSettings = {
				ALWAYS_SEARCH_USER_PATHS = NO;
				ASSETCATALOG_COMPILER_GENERATE_SWIFT_ASSET_SYMBOL_EXTENSIONS = YES;
				CLANG_ANALYZER_NONNULL = YES;
				CLANG_CXX_LANGUAGE_STANDARD = "gnu++20";
				CLANG_ENABLE_MODULES = YES;
				CLANG_ENABLE_OBJC_ARC = YES;
				COPY_PHASE_STRIP = NO;
				DEBUG_INFORMATION_FORMAT = "dwarf-with-dsym";
				ENABLE_NS_ASSERTIONS = NO;
				ENABLE_STRICT_OBJC_MSGSEND = YES;
				GCC_WARN_ABOUT_RETURN_TYPE = YES_ERROR;
				GCC_WARN_UNINITIALIZED_AUTOS = YES_AGGRESSIVE;
				MACOSX_DEPLOYMENT_TARGET = 14.0;
				MTL_ENABLE_DEBUG_INFO = NO;
				SDKROOT = macosx;
				SWIFT_COMPILATION_MODE = wholemodule;
				VALIDATE_PRODUCT = YES;
			};
			name = Release;
		};
/* End XCBuildConfiguration section */

/* Begin XCConfigurationList section */
		3EC5C41D1A2FE093C1B264E2 /* Build configuration list for PBXNativeTarget "BaoLianDeng" */ = {
			isa = XCConfigurationList;
			buildConfigurations = (
				51D5A9072314B0B4FE0F84C8 /* Release */,
				E9D48DA79572E3916C0F3AEF /* Debug */,
			);
			defaultConfigurationIsVisible = 0;
			defaultConfigurationName = Release;
		};
		727002C1957CE115B06B49FF /* Build configuration list for PBXNativeTarget "TransparentProxy" */ = {
			isa = XCConfigurationList;
			buildConfigurations = (
				06AC95C84A776847DF0FBFDB /* Release */,
				D11C88732910D050C57C2AEE /* Debug */,
			);
			defaultConfigurationIsVisible = 0;
			defaultConfigurationName = Release;
		};
		T10002 /* Build configuration list for PBXNativeTarget "BaoLianDengTests" */ = {
			isa = XCConfigurationList;
			buildConfigurations = (
				T10003 /* Debug */,
				T10004 /* Release */,
			);
			defaultConfigurationIsVisible = 0;
			defaultConfigurationName = Debug;
		};
		X10003 /* Build configuration list for PBXProject "BaoLianDeng" */ = {
			isa = XCConfigurationList;
			buildConfigurations = (
				Y10001 /* Debug */,
				Y10002 /* Release */,
			);
			defaultConfigurationIsVisible = 0;
			defaultConfigurationName = Release;
		};
/* End XCConfigurationList section */

/* Begin XCRemoteSwiftPackageReference section */
		38A424D3E90991ED0F5F3862 /* XCRemoteSwiftPackageReference "firebase-ios-sdk" */ = {
			isa = XCRemoteSwiftPackageReference;
			repositoryURL = "https://github.com/firebase/firebase-ios-sdk";
			requirement = {
				kind = upToNextMajorVersion;
				minimumVersion = 11.0.0;
			};
		};
		YMS0001 /* XCRemoteSwiftPackageReference "Yams" */ = {
			isa = XCRemoteSwiftPackageReference;
			repositoryURL = "https://github.com/jpsim/Yams.git";
			requirement = {
				kind = upToNextMajorVersion;
				minimumVersion = 5.0.0;
			};
		};
/* End XCRemoteSwiftPackageReference section */

/* Begin XCSwiftPackageProductDependency section */
		1C7E7C8B9AB9C840397D6E5B /* FirebaseCore */ = {
			isa = XCSwiftPackageProductDependency;
			package = 38A424D3E90991ED0F5F3862 /* XCRemoteSwiftPackageReference "firebase-ios-sdk" */;
			productName = FirebaseCore;
		};
		26E740A797906E5C84A95212 /* Yams */ = {
			isa = XCSwiftPackageProductDependency;
			package = YMS0001 /* XCRemoteSwiftPackageReference "Yams" */;
			productName = Yams;
		};
		2C3845EF76797DFD11D5207E /* FirebaseCrashlytics */ = {
			isa = XCSwiftPackageProductDependency;
			package = 38A424D3E90991ED0F5F3862 /* XCRemoteSwiftPackageReference "firebase-ios-sdk" */;
			productName = FirebaseCrashlytics;
		};
		BD949DF6CA3380988A939F26 /* FirebaseAnalytics */ = {
			isa = XCSwiftPackageProductDependency;
			package = 38A424D3E90991ED0F5F3862 /* XCRemoteSwiftPackageReference "firebase-ios-sdk" */;
			productName = FirebaseAnalytics;
		};
		BDB2BE65B199185132229163 /* Yams */ = {
			isa = XCSwiftPackageProductDependency;
			package = YMS0001 /* XCRemoteSwiftPackageReference "Yams" */;
			productName = Yams;
		};
/* End XCSwiftPackageProductDependency section */
	};
	rootObject = E10001 /* Project object */;
}
